{
  "version": 4,
  "terraform_version": "0.14.7",
  "serial": 49,
  "lineage": "4fedb7c7-768d-a3dd-a9de-5d30e8ac1dc8",
  "outputs": {},
  "resources": [
    {
      "mode": "managed",
      "type": "azurerm_linux_virtual_machine",
      "name": "myVM",
      "provider": "provider[\"registry.terraform.io/hashicorp/azurerm\"]",
      "instances": [
        {
          "index_key": "master",
          "schema_version": 0,
          "attributes": {
            "additional_capabilities": [],
            "admin_password": null,
            "admin_ssh_key": [
              {
                "public_key": "ssh-rsa AAAAB3NzaC1yc2EAAAADAQABAAACAQDOcLaWUed4lLpDdnKXs1XKMiucQZDNC8FfnkBq3h7VBzPBp/fAmozv6A/5/3qoFcpZsZoN/a6NE0S/4gw+0YMPXbGaNYuuNqd6E8tpK1SS+h7W3phmdyBUYS5tXVaoR8hEcE1fXgb4RW7lrc3BD5pStH5GqWZncLnVlwYwBkj6SAJFYxH3K1mN8FKjbvoA9zQhnkqbB/BXRFtglTaO8iOsBrted27XxdPLDOAyifKQqkaULOSMXHT7A4ukdL6TwcnURCXT60qWbiHNVb3PoymANUqTWWx8wHnqhfTDccioekcbfqx5NmY7jGD2wEljDDXC9hN0p7PAGd/0p0+CAHjvf3GEmniYnTCD55DM2zFpV+6WB16K+aBzYFFKinFqp12I6yirNt2ICVzd01HGFuSEbHqhexmbj4bF2sNcGTjrxsLqOGUCtHT+O2eEWMkuZMM4By2MYohOax8D+sZ/bizgLdcp+S9tTW7INPj9rs52LNdk0O25pZ0pkoUiLZycHc8vI+/88hnnxH+9oLUj+7aVbWFXDk0XJ2gK2N1cUZYUPQr7AF+4QFZzYbSkO6rvoz1lv4rj15UxDz+a5yhm2Iii8edmhEFeJ/kXj38qGbROykq78eiyEZyejd2s8Prf33xhR2iT3MXELxtFZbJolgZj87P/0AkaDZxhgNMyrQpV+w== davidcanamares@MBP-de-David.home\n",
                "username": "adminUsername"
              }
            ],
            "admin_username": "adminUsername",
            "allow_extension_operations": true,
            "availability_set_id": "",
            "boot_diagnostics": [
              {
                "storage_account_uri": "https://unirdavid138staccountcp2.blob.core.windows.net/"
              }
            ],
            "computer_name": "master",
            "custom_data": null,
            "dedicated_host_id": "",
            "disable_password_authentication": true,
            "encryption_at_host_enabled": false,
            "eviction_policy": "",
            "extensions_time_budget": "PT1H30M",
            "id": "/subscriptions/77bd48f7-b1aa-445e-83f3-89469bbcd524/resourceGroups/kubernetes_rg/providers/Microsoft.Compute/virtualMachines/master",
            "identity": [],
            "location": "westeurope",
            "max_bid_price": -1,
            "name": "master",
            "network_interface_ids": [
              "/subscriptions/77bd48f7-b1aa-445e-83f3-89469bbcd524/resourceGroups/kubernetes_rg/providers/Microsoft.Network/networkInterfaces/vmnic_master"
            ],
            "os_disk": [
              {
                "caching": "ReadWrite",
                "diff_disk_settings": [],
                "disk_encryption_set_id": "",
                "disk_size_gb": 30,
                "name": "master_OsDisk_1_65567cdb5338457e863264dc7fc82726",
                "storage_account_type": "Standard_LRS",
                "write_accelerator_enabled": false
              }
            ],
            "plan": [
              {
                "name": "centos-8-stream-free",
                "product": "centos-8-stream-free",
                "publisher": "cognosys"
              }
            ],
            "priority": "Regular",
            "private_ip_address": "10.0.1.10",
            "private_ip_addresses": [
              "10.0.1.10"
            ],
            "provision_vm_agent": true,
            "proximity_placement_group_id": "",
            "public_ip_address": "20.67.99.47",
            "public_ip_addresses": [
              "20.67.99.47"
            ],
            "resource_group_name": "kubernetes_rg",
            "secret": [],
            "size": "Standard_D1_v2",
            "source_image_id": "",
            "source_image_reference": [
              {
                "offer": "centos-8-stream-free",
                "publisher": "cognosys",
                "sku": "centos-8-stream-free",
                "version": "1.2019.0810"
              }
            ],
            "tags": {
              "environment": "CP2"
            },
            "timeouts": null,
            "virtual_machine_id": "d9f72f5d-1329-4d51-9cdc-587d31597c45",
            "virtual_machine_scale_set_id": "",
            "zone": ""
          },
          "sensitive_attributes": [],
          "private": "eyJlMmJmYjczMC1lY2FhLTExZTYtOGY4OC0zNDM2M2JjN2M0YzAiOnsiY3JlYXRlIjoyNzAwMDAwMDAwMDAwLCJkZWxldGUiOjI3MDAwMDAwMDAwMDAsInJlYWQiOjMwMDAwMDAwMDAwMCwidXBkYXRlIjoyNzAwMDAwMDAwMDAwfX0=",
          "dependencies": [
            "azurerm_network_interface.myNic",
            "azurerm_public_ip.myPublicIp",
            "azurerm_resource_group.rg",
            "azurerm_storage_account.stAccount",
            "azurerm_subnet.mySubnet"
          ]
        },
        {
          "index_key": "nfs",
          "schema_version": 0,
          "attributes": {
            "additional_capabilities": [],
            "admin_password": null,
            "admin_ssh_key": [
              {
                "public_key": "ssh-rsa AAAAB3NzaC1yc2EAAAADAQABAAACAQDOcLaWUed4lLpDdnKXs1XKMiucQZDNC8FfnkBq3h7VBzPBp/fAmozv6A/5/3qoFcpZsZoN/a6NE0S/4gw+0YMPXbGaNYuuNqd6E8tpK1SS+h7W3phmdyBUYS5tXVaoR8hEcE1fXgb4RW7lrc3BD5pStH5GqWZncLnVlwYwBkj6SAJFYxH3K1mN8FKjbvoA9zQhnkqbB/BXRFtglTaO8iOsBrted27XxdPLDOAyifKQqkaULOSMXHT7A4ukdL6TwcnURCXT60qWbiHNVb3PoymANUqTWWx8wHnqhfTDccioekcbfqx5NmY7jGD2wEljDDXC9hN0p7PAGd/0p0+CAHjvf3GEmniYnTCD55DM2zFpV+6WB16K+aBzYFFKinFqp12I6yirNt2ICVzd01HGFuSEbHqhexmbj4bF2sNcGTjrxsLqOGUCtHT+O2eEWMkuZMM4By2MYohOax8D+sZ/bizgLdcp+S9tTW7INPj9rs52LNdk0O25pZ0pkoUiLZycHc8vI+/88hnnxH+9oLUj+7aVbWFXDk0XJ2gK2N1cUZYUPQr7AF+4QFZzYbSkO6rvoz1lv4rj15UxDz+a5yhm2Iii8edmhEFeJ/kXj38qGbROykq78eiyEZyejd2s8Prf33xhR2iT3MXELxtFZbJolgZj87P/0AkaDZxhgNMyrQpV+w== davidcanamares@MBP-de-David.home\n",
                "username": "adminUsername"
              }
            ],
            "admin_username": "adminUsername",
            "allow_extension_operations": true,
            "availability_set_id": "",
            "boot_diagnostics": [
              {
                "storage_account_uri": "https://unirdavid138staccountcp2.blob.core.windows.net/"
              }
            ],
            "computer_name": "nfs",
            "custom_data": null,
            "dedicated_host_id": "",
            "disable_password_authentication": true,
            "encryption_at_host_enabled": false,
            "eviction_policy": "",
            "extensions_time_budget": "PT1H30M",
            "id": "/subscriptions/77bd48f7-b1aa-445e-83f3-89469bbcd524/resourceGroups/kubernetes_rg/providers/Microsoft.Compute/virtualMachines/nfs",
            "identity": [],
            "location": "westeurope",
            "max_bid_price": -1,
            "name": "nfs",
            "network_interface_ids": [
              "/subscriptions/77bd48f7-b1aa-445e-83f3-89469bbcd524/resourceGroups/kubernetes_rg/providers/Microsoft.Network/networkInterfaces/vmnic_nfs"
            ],
            "os_disk": [
              {
                "caching": "ReadWrite",
                "diff_disk_settings": [],
                "disk_encryption_set_id": "",
                "disk_size_gb": 30,
                "name": "nfs_OsDisk_1_4259fc8aae3f4977b9bc7cee5474aeb0",
                "storage_account_type": "Standard_LRS",
                "write_accelerator_enabled": false
              }
            ],
            "plan": [
              {
                "name": "centos-8-stream-free",
                "product": "centos-8-stream-free",
                "publisher": "cognosys"
              }
            ],
            "priority": "Regular",
            "private_ip_address": "10.0.1.13",
            "private_ip_addresses": [
              "10.0.1.13"
            ],
            "provision_vm_agent": true,
            "proximity_placement_group_id": "",
            "public_ip_address": "20.71.35.41",
            "public_ip_addresses": [
              "20.71.35.41"
            ],
            "resource_group_name": "kubernetes_rg",
            "secret": [],
            "size": "Standard_D1_v2",
            "source_image_id": "",
            "source_image_reference": [
              {
                "offer": "centos-8-stream-free",
                "publisher": "cognosys",
                "sku": "centos-8-stream-free",
                "version": "1.2019.0810"
              }
            ],
            "tags": {
              "environment": "CP2"
            },
            "timeouts": null,
            "virtual_machine_id": "9141f162-4921-4563-b0cf-7dd6c6419456",
            "virtual_machine_scale_set_id": "",
            "zone": ""
          },
          "sensitive_attributes": [],
          "private": "eyJlMmJmYjczMC1lY2FhLTExZTYtOGY4OC0zNDM2M2JjN2M0YzAiOnsiY3JlYXRlIjoyNzAwMDAwMDAwMDAwLCJkZWxldGUiOjI3MDAwMDAwMDAwMDAsInJlYWQiOjMwMDAwMDAwMDAwMCwidXBkYXRlIjoyNzAwMDAwMDAwMDAwfX0=",
          "dependencies": [
            "azurerm_network_interface.myNic",
            "azurerm_public_ip.myPublicIp",
            "azurerm_resource_group.rg",
            "azurerm_storage_account.stAccount",
            "azurerm_subnet.mySubnet"
          ]
        },
        {
          "index_key": "worker1",
          "schema_version": 0,
          "attributes": {
            "additional_capabilities": [],
            "admin_password": null,
            "admin_ssh_key": [
              {
                "public_key": "ssh-rsa AAAAB3NzaC1yc2EAAAADAQABAAACAQDOcLaWUed4lLpDdnKXs1XKMiucQZDNC8FfnkBq3h7VBzPBp/fAmozv6A/5/3qoFcpZsZoN/a6NE0S/4gw+0YMPXbGaNYuuNqd6E8tpK1SS+h7W3phmdyBUYS5tXVaoR8hEcE1fXgb4RW7lrc3BD5pStH5GqWZncLnVlwYwBkj6SAJFYxH3K1mN8FKjbvoA9zQhnkqbB/BXRFtglTaO8iOsBrted27XxdPLDOAyifKQqkaULOSMXHT7A4ukdL6TwcnURCXT60qWbiHNVb3PoymANUqTWWx8wHnqhfTDccioekcbfqx5NmY7jGD2wEljDDXC9hN0p7PAGd/0p0+CAHjvf3GEmniYnTCD55DM2zFpV+6WB16K+aBzYFFKinFqp12I6yirNt2ICVzd01HGFuSEbHqhexmbj4bF2sNcGTjrxsLqOGUCtHT+O2eEWMkuZMM4By2MYohOax8D+sZ/bizgLdcp+S9tTW7INPj9rs52LNdk0O25pZ0pkoUiLZycHc8vI+/88hnnxH+9oLUj+7aVbWFXDk0XJ2gK2N1cUZYUPQr7AF+4QFZzYbSkO6rvoz1lv4rj15UxDz+a5yhm2Iii8edmhEFeJ/kXj38qGbROykq78eiyEZyejd2s8Prf33xhR2iT3MXELxtFZbJolgZj87P/0AkaDZxhgNMyrQpV+w== davidcanamares@MBP-de-David.home\n",
                "username": "adminUsername"
              }
            ],
            "admin_username": "adminUsername",
            "allow_extension_operations": true,
            "availability_set_id": "",
            "boot_diagnostics": [
              {
                "storage_account_uri": "https://unirdavid138staccountcp2.blob.core.windows.net/"
              }
            ],
            "computer_name": "worker1",
            "custom_data": null,
            "dedicated_host_id": "",
            "disable_password_authentication": true,
            "encryption_at_host_enabled": false,
            "eviction_policy": "",
            "extensions_time_budget": "PT1H30M",
            "id": "/subscriptions/77bd48f7-b1aa-445e-83f3-89469bbcd524/resourceGroups/kubernetes_rg/providers/Microsoft.Compute/virtualMachines/worker1",
            "identity": [],
            "location": "westeurope",
            "max_bid_price": -1,
            "name": "worker1",
            "network_interface_ids": [
              "/subscriptions/77bd48f7-b1aa-445e-83f3-89469bbcd524/resourceGroups/kubernetes_rg/providers/Microsoft.Network/networkInterfaces/vmnic_worker1"
            ],
            "os_disk": [
              {
                "caching": "ReadWrite",
                "diff_disk_settings": [],
                "disk_encryption_set_id": "",
                "disk_size_gb": 30,
                "name": "worker1_OsDisk_1_f49ef48c1c854c418a0902667b18774f",
                "storage_account_type": "Standard_LRS",
                "write_accelerator_enabled": false
              }
            ],
            "plan": [
              {
                "name": "centos-8-stream-free",
                "product": "centos-8-stream-free",
                "publisher": "cognosys"
              }
            ],
            "priority": "Regular",
            "private_ip_address": "10.0.1.11",
            "private_ip_addresses": [
              "10.0.1.11"
            ],
            "provision_vm_agent": true,
            "proximity_placement_group_id": "",
            "public_ip_address": "20.71.221.134",
            "public_ip_addresses": [
              "20.71.221.134"
            ],
            "resource_group_name": "kubernetes_rg",
            "secret": [],
            "size": "Standard_D1_v2",
            "source_image_id": "",
            "source_image_reference": [
              {
                "offer": "centos-8-stream-free",
                "publisher": "cognosys",
                "sku": "centos-8-stream-free",
                "version": "1.2019.0810"
              }
            ],
            "tags": {
              "environment": "CP2"
            },
            "timeouts": null,
            "virtual_machine_id": "20fd8af5-6a8f-4c2e-a2e0-830c13c4b5b3",
            "virtual_machine_scale_set_id": "",
            "zone": ""
          },
          "sensitive_attributes": [],
          "private": "eyJlMmJmYjczMC1lY2FhLTExZTYtOGY4OC0zNDM2M2JjN2M0YzAiOnsiY3JlYXRlIjoyNzAwMDAwMDAwMDAwLCJkZWxldGUiOjI3MDAwMDAwMDAwMDAsInJlYWQiOjMwMDAwMDAwMDAwMCwidXBkYXRlIjoyNzAwMDAwMDAwMDAwfX0=",
          "dependencies": [
            "azurerm_network_interface.myNic",
            "azurerm_public_ip.myPublicIp",
            "azurerm_resource_group.rg",
            "azurerm_storage_account.stAccount",
            "azurerm_subnet.mySubnet"
          ]
        },
        {
          "index_key": "worker2",
          "schema_version": 0,
          "attributes": {
            "additional_capabilities": [],
            "admin_password": null,
            "admin_ssh_key": [
              {
                "public_key": "ssh-rsa AAAAB3NzaC1yc2EAAAADAQABAAACAQDOcLaWUed4lLpDdnKXs1XKMiucQZDNC8FfnkBq3h7VBzPBp/fAmozv6A/5/3qoFcpZsZoN/a6NE0S/4gw+0YMPXbGaNYuuNqd6E8tpK1SS+h7W3phmdyBUYS5tXVaoR8hEcE1fXgb4RW7lrc3BD5pStH5GqWZncLnVlwYwBkj6SAJFYxH3K1mN8FKjbvoA9zQhnkqbB/BXRFtglTaO8iOsBrted27XxdPLDOAyifKQqkaULOSMXHT7A4ukdL6TwcnURCXT60qWbiHNVb3PoymANUqTWWx8wHnqhfTDccioekcbfqx5NmY7jGD2wEljDDXC9hN0p7PAGd/0p0+CAHjvf3GEmniYnTCD55DM2zFpV+6WB16K+aBzYFFKinFqp12I6yirNt2ICVzd01HGFuSEbHqhexmbj4bF2sNcGTjrxsLqOGUCtHT+O2eEWMkuZMM4By2MYohOax8D+sZ/bizgLdcp+S9tTW7INPj9rs52LNdk0O25pZ0pkoUiLZycHc8vI+/88hnnxH+9oLUj+7aVbWFXDk0XJ2gK2N1cUZYUPQr7AF+4QFZzYbSkO6rvoz1lv4rj15UxDz+a5yhm2Iii8edmhEFeJ/kXj38qGbROykq78eiyEZyejd2s8Prf33xhR2iT3MXELxtFZbJolgZj87P/0AkaDZxhgNMyrQpV+w== davidcanamares@MBP-de-David.home\n",
                "username": "adminUsername"
              }
            ],
            "admin_username": "adminUsername",
            "allow_extension_operations": true,
            "availability_set_id": "",
            "boot_diagnostics": [
              {
                "storage_account_uri": "https://unirdavid138staccountcp2.blob.core.windows.net/"
              }
            ],
            "computer_name": "worker2",
            "custom_data": null,
            "dedicated_host_id": "",
            "disable_password_authentication": true,
            "encryption_at_host_enabled": false,
            "eviction_policy": "",
            "extensions_time_budget": "PT1H30M",
            "id": "/subscriptions/77bd48f7-b1aa-445e-83f3-89469bbcd524/resourceGroups/kubernetes_rg/providers/Microsoft.Compute/virtualMachines/worker2",
            "identity": [],
            "location": "westeurope",
            "max_bid_price": -1,
            "name": "worker2",
            "network_interface_ids": [
              "/subscriptions/77bd48f7-b1aa-445e-83f3-89469bbcd524/resourceGroups/kubernetes_rg/providers/Microsoft.Network/networkInterfaces/vmnic_worker2"
            ],
            "os_disk": [
              {
                "caching": "ReadWrite",
                "diff_disk_settings": [],
                "disk_encryption_set_id": "",
                "disk_size_gb": 30,
                "name": "worker2_OsDisk_1_e4b1ecf8c3734d5e90e9ca7f383978ba",
                "storage_account_type": "Standard_LRS",
                "write_accelerator_enabled": false
              }
            ],
            "plan": [
              {
                "name": "centos-8-stream-free",
                "product": "centos-8-stream-free",
                "publisher": "cognosys"
              }
            ],
            "priority": "Regular",
            "private_ip_address": "10.0.1.12",
            "private_ip_addresses": [
              "10.0.1.12"
            ],
            "provision_vm_agent": true,
            "proximity_placement_group_id": "",
            "public_ip_address": "20.71.221.159",
            "public_ip_addresses": [
              "20.71.221.159"
            ],
            "resource_group_name": "kubernetes_rg",
            "secret": [],
            "size": "Standard_D1_v2",
            "source_image_id": "",
            "source_image_reference": [
              {
                "offer": "centos-8-stream-free",
                "publisher": "cognosys",
                "sku": "centos-8-stream-free",
                "version": "1.2019.0810"
              }
            ],
            "tags": {
              "environment": "CP2"
            },
            "timeouts": null,
            "virtual_machine_id": "e644be08-29fc-47d0-83eb-f75ab7320844",
            "virtual_machine_scale_set_id": "",
            "zone": ""
          },
          "sensitive_attributes": [],
          "private": "eyJlMmJmYjczMC1lY2FhLTExZTYtOGY4OC0zNDM2M2JjN2M0YzAiOnsiY3JlYXRlIjoyNzAwMDAwMDAwMDAwLCJkZWxldGUiOjI3MDAwMDAwMDAwMDAsInJlYWQiOjMwMDAwMDAwMDAwMCwidXBkYXRlIjoyNzAwMDAwMDAwMDAwfX0=",
          "dependencies": [
            "azurerm_network_interface.myNic",
            "azurerm_public_ip.myPublicIp",
            "azurerm_resource_group.rg",
            "azurerm_storage_account.stAccount",
            "azurerm_subnet.mySubnet"
          ]
        }
      ]
    },
    {
      "mode": "managed",
      "type": "azurerm_network_interface",
      "name": "myNic",
      "provider": "provider[\"registry.terraform.io/hashicorp/azurerm\"]",
      "instances": [
        {
          "index_key": "master",
          "schema_version": 0,
          "attributes": {
            "applied_dns_servers": [],
            "dns_servers": [],
            "enable_accelerated_networking": false,
            "enable_ip_forwarding": false,
            "id": "/subscriptions/77bd48f7-b1aa-445e-83f3-89469bbcd524/resourceGroups/kubernetes_rg/providers/Microsoft.Network/networkInterfaces/vmnic_master",
            "internal_dns_name_label": "",
            "internal_domain_name_suffix": "4h4ogv4kn4rezganykc0v4hd2e.ax.internal.cloudapp.net",
            "ip_configuration": [
              {
                "name": "myipconfiguration.master",
                "primary": true,
                "private_ip_address": "10.0.1.10",
                "private_ip_address_allocation": "Static",
                "private_ip_address_version": "IPv4",
                "public_ip_address_id": "/subscriptions/77bd48f7-b1aa-445e-83f3-89469bbcd524/resourceGroups/kubernetes_rg/providers/Microsoft.Network/publicIPAddresses/vmip_master",
                "subnet_id": "/subscriptions/77bd48f7-b1aa-445e-83f3-89469bbcd524/resourceGroups/kubernetes_rg/providers/Microsoft.Network/virtualNetworks/kubernetesnet/subnets/terraformsubnet"
              }
            ],
            "location": "westeurope",
            "mac_address": "",
            "name": "vmnic_master",
            "private_ip_address": "10.0.1.10",
            "private_ip_addresses": [
              "10.0.1.10"
            ],
            "resource_group_name": "kubernetes_rg",
            "tags": {
              "environment": "CP2"
            },
            "timeouts": null,
            "virtual_machine_id": ""
          },
          "sensitive_attributes": [],
          "private": "eyJlMmJmYjczMC1lY2FhLTExZTYtOGY4OC0zNDM2M2JjN2M0YzAiOnsiY3JlYXRlIjoxODAwMDAwMDAwMDAwLCJkZWxldGUiOjE4MDAwMDAwMDAwMDAsInJlYWQiOjMwMDAwMDAwMDAwMCwidXBkYXRlIjoxODAwMDAwMDAwMDAwfX0=",
          "dependencies": [
            "azurerm_public_ip.myPublicIp",
            "azurerm_resource_group.rg",
            "azurerm_subnet.mySubnet"
          ]
        },
        {
          "index_key": "nfs",
          "schema_version": 0,
          "attributes": {
            "applied_dns_servers": [],
            "dns_servers": [],
            "enable_accelerated_networking": false,
            "enable_ip_forwarding": false,
            "id": "/subscriptions/77bd48f7-b1aa-445e-83f3-89469bbcd524/resourceGroups/kubernetes_rg/providers/Microsoft.Network/networkInterfaces/vmnic_nfs",
            "internal_dns_name_label": "",
            "internal_domain_name_suffix": "4h4ogv4kn4rezganykc0v4hd2e.ax.internal.cloudapp.net",
            "ip_configuration": [
              {
                "name": "myipconfiguration.nfs",
                "primary": true,
                "private_ip_address": "10.0.1.13",
                "private_ip_address_allocation": "Static",
                "private_ip_address_version": "IPv4",
                "public_ip_address_id": "/subscriptions/77bd48f7-b1aa-445e-83f3-89469bbcd524/resourceGroups/kubernetes_rg/providers/Microsoft.Network/publicIPAddresses/vmip_nfs",
                "subnet_id": "/subscriptions/77bd48f7-b1aa-445e-83f3-89469bbcd524/resourceGroups/kubernetes_rg/providers/Microsoft.Network/virtualNetworks/kubernetesnet/subnets/terraformsubnet"
              }
            ],
            "location": "westeurope",
            "mac_address": "",
            "name": "vmnic_nfs",
            "private_ip_address": "10.0.1.13",
            "private_ip_addresses": [
              "10.0.1.13"
            ],
            "resource_group_name": "kubernetes_rg",
            "tags": {
              "environment": "CP2"
            },
            "timeouts": null,
            "virtual_machine_id": ""
          },
          "sensitive_attributes": [],
          "private": "eyJlMmJmYjczMC1lY2FhLTExZTYtOGY4OC0zNDM2M2JjN2M0YzAiOnsiY3JlYXRlIjoxODAwMDAwMDAwMDAwLCJkZWxldGUiOjE4MDAwMDAwMDAwMDAsInJlYWQiOjMwMDAwMDAwMDAwMCwidXBkYXRlIjoxODAwMDAwMDAwMDAwfX0=",
          "dependencies": [
            "azurerm_public_ip.myPublicIp",
            "azurerm_resource_group.rg",
            "azurerm_subnet.mySubnet",
            "azurerm_virtual_network.myNet"
          ]
        },
        {
          "index_key": "worker1",
          "schema_version": 0,
          "attributes": {
            "applied_dns_servers": [],
            "dns_servers": [],
            "enable_accelerated_networking": false,
            "enable_ip_forwarding": false,
            "id": "/subscriptions/77bd48f7-b1aa-445e-83f3-89469bbcd524/resourceGroups/kubernetes_rg/providers/Microsoft.Network/networkInterfaces/vmnic_worker1",
            "internal_dns_name_label": "",
            "internal_domain_name_suffix": "4h4ogv4kn4rezganykc0v4hd2e.ax.internal.cloudapp.net",
            "ip_configuration": [
              {
                "name": "myipconfiguration.worker1",
                "primary": true,
                "private_ip_address": "10.0.1.11",
                "private_ip_address_allocation": "Static",
                "private_ip_address_version": "IPv4",
                "public_ip_address_id": "/subscriptions/77bd48f7-b1aa-445e-83f3-89469bbcd524/resourceGroups/kubernetes_rg/providers/Microsoft.Network/publicIPAddresses/vmip_worker1",
                "subnet_id": "/subscriptions/77bd48f7-b1aa-445e-83f3-89469bbcd524/resourceGroups/kubernetes_rg/providers/Microsoft.Network/virtualNetworks/kubernetesnet/subnets/terraformsubnet"
              }
            ],
            "location": "westeurope",
            "mac_address": "",
            "name": "vmnic_worker1",
            "private_ip_address": "10.0.1.11",
            "private_ip_addresses": [
              "10.0.1.11"
            ],
            "resource_group_name": "kubernetes_rg",
            "tags": {
              "environment": "CP2"
            },
            "timeouts": null,
            "virtual_machine_id": ""
          },
          "sensitive_attributes": [],
          "private": "eyJlMmJmYjczMC1lY2FhLTExZTYtOGY4OC0zNDM2M2JjN2M0YzAiOnsiY3JlYXRlIjoxODAwMDAwMDAwMDAwLCJkZWxldGUiOjE4MDAwMDAwMDAwMDAsInJlYWQiOjMwMDAwMDAwMDAwMCwidXBkYXRlIjoxODAwMDAwMDAwMDAwfX0=",
          "dependencies": [
            "azurerm_public_ip.myPublicIp",
            "azurerm_resource_group.rg",
            "azurerm_subnet.mySubnet",
            "azurerm_virtual_network.myNet"
          ]
        },
        {
          "index_key": "worker2",
          "schema_version": 0,
          "attributes": {
            "applied_dns_servers": [],
            "dns_servers": [],
            "enable_accelerated_networking": false,
            "enable_ip_forwarding": false,
            "id": "/subscriptions/77bd48f7-b1aa-445e-83f3-89469bbcd524/resourceGroups/kubernetes_rg/providers/Microsoft.Network/networkInterfaces/vmnic_worker2",
            "internal_dns_name_label": "",
            "internal_domain_name_suffix": "4h4ogv4kn4rezganykc0v4hd2e.ax.internal.cloudapp.net",
            "ip_configuration": [
              {
                "name": "myipconfiguration.worker2",
                "primary": true,
                "private_ip_address": "10.0.1.12",
                "private_ip_address_allocation": "Static",
                "private_ip_address_version": "IPv4",
                "public_ip_address_id": "/subscriptions/77bd48f7-b1aa-445e-83f3-89469bbcd524/resourceGroups/kubernetes_rg/providers/Microsoft.Network/publicIPAddresses/vmip_worker2",
                "subnet_id": "/subscriptions/77bd48f7-b1aa-445e-83f3-89469bbcd524/resourceGroups/kubernetes_rg/providers/Microsoft.Network/virtualNetworks/kubernetesnet/subnets/terraformsubnet"
              }
            ],
            "location": "westeurope",
            "mac_address": "",
            "name": "vmnic_worker2",
            "private_ip_address": "10.0.1.12",
            "private_ip_addresses": [
              "10.0.1.12"
            ],
            "resource_group_name": "kubernetes_rg",
            "tags": {
              "environment": "CP2"
            },
            "timeouts": null,
            "virtual_machine_id": ""
          },
          "sensitive_attributes": [],
          "private": "eyJlMmJmYjczMC1lY2FhLTExZTYtOGY4OC0zNDM2M2JjN2M0YzAiOnsiY3JlYXRlIjoxODAwMDAwMDAwMDAwLCJkZWxldGUiOjE4MDAwMDAwMDAwMDAsInJlYWQiOjMwMDAwMDAwMDAwMCwidXBkYXRlIjoxODAwMDAwMDAwMDAwfX0=",
          "dependencies": [
            "azurerm_public_ip.myPublicIp",
            "azurerm_resource_group.rg",
            "azurerm_subnet.mySubnet",
            "azurerm_virtual_network.myNet"
          ]
        }
      ]
    },
    {
      "mode": "managed",
      "type": "azurerm_network_interface_security_group_association",
      "name": "mySecGroupAssociation",
      "provider": "provider[\"registry.terraform.io/hashicorp/azurerm\"]",
      "instances": [
        {
          "index_key": "master",
          "schema_version": 0,
          "attributes": {
            "id": "/subscriptions/77bd48f7-b1aa-445e-83f3-89469bbcd524/resourceGroups/kubernetes_rg/providers/Microsoft.Network/networkInterfaces/vmnic_master|/subscriptions/77bd48f7-b1aa-445e-83f3-89469bbcd524/resourceGroups/kubernetes_rg/providers/Microsoft.Network/networkSecurityGroups/sshtraffic",
            "network_interface_id": "/subscriptions/77bd48f7-b1aa-445e-83f3-89469bbcd524/resourceGroups/kubernetes_rg/providers/Microsoft.Network/networkInterfaces/vmnic_master",
            "network_security_group_id": "/subscriptions/77bd48f7-b1aa-445e-83f3-89469bbcd524/resourceGroups/kubernetes_rg/providers/Microsoft.Network/networkSecurityGroups/sshtraffic",
            "timeouts": null
          },
          "sensitive_attributes": [],
          "private": "eyJlMmJmYjczMC1lY2FhLTExZTYtOGY4OC0zNDM2M2JjN2M0YzAiOnsiY3JlYXRlIjoxODAwMDAwMDAwMDAwLCJkZWxldGUiOjE4MDAwMDAwMDAwMDAsInJlYWQiOjMwMDAwMDAwMDAwMCwidXBkYXRlIjoxODAwMDAwMDAwMDAwfX0=",
          "dependencies": [
            "azurerm_network_interface.myNic",
            "azurerm_network_security_group.mySecGroup",
            "azurerm_public_ip.myPublicIp",
            "azurerm_resource_group.rg",
            "azurerm_subnet.mySubnet"
          ]
        },
        {
          "index_key": "nfs",
          "schema_version": 0,
          "attributes": {
            "id": "/subscriptions/77bd48f7-b1aa-445e-83f3-89469bbcd524/resourceGroups/kubernetes_rg/providers/Microsoft.Network/networkInterfaces/vmnic_nfs|/subscriptions/77bd48f7-b1aa-445e-83f3-89469bbcd524/resourceGroups/kubernetes_rg/providers/Microsoft.Network/networkSecurityGroups/sshtraffic",
            "network_interface_id": "/subscriptions/77bd48f7-b1aa-445e-83f3-89469bbcd524/resourceGroups/kubernetes_rg/providers/Microsoft.Network/networkInterfaces/vmnic_nfs",
            "network_security_group_id": "/subscriptions/77bd48f7-b1aa-445e-83f3-89469bbcd524/resourceGroups/kubernetes_rg/providers/Microsoft.Network/networkSecurityGroups/sshtraffic",
            "timeouts": null
          },
          "sensitive_attributes": [],
          "private": "eyJlMmJmYjczMC1lY2FhLTExZTYtOGY4OC0zNDM2M2JjN2M0YzAiOnsiY3JlYXRlIjoxODAwMDAwMDAwMDAwLCJkZWxldGUiOjE4MDAwMDAwMDAwMDAsInJlYWQiOjMwMDAwMDAwMDAwMCwidXBkYXRlIjoxODAwMDAwMDAwMDAwfX0=",
          "dependencies": [
            "azurerm_network_interface.myNic",
            "azurerm_network_security_group.mySecGroup",
            "azurerm_public_ip.myPublicIp",
            "azurerm_resource_group.rg",
            "azurerm_subnet.mySubnet"
          ]
        },
        {
          "index_key": "worker1",
          "schema_version": 0,
          "attributes": {
            "id": "/subscriptions/77bd48f7-b1aa-445e-83f3-89469bbcd524/resourceGroups/kubernetes_rg/providers/Microsoft.Network/networkInterfaces/vmnic_worker1|/subscriptions/77bd48f7-b1aa-445e-83f3-89469bbcd524/resourceGroups/kubernetes_rg/providers/Microsoft.Network/networkSecurityGroups/sshtraffic",
            "network_interface_id": "/subscriptions/77bd48f7-b1aa-445e-83f3-89469bbcd524/resourceGroups/kubernetes_rg/providers/Microsoft.Network/networkInterfaces/vmnic_worker1",
            "network_security_group_id": "/subscriptions/77bd48f7-b1aa-445e-83f3-89469bbcd524/resourceGroups/kubernetes_rg/providers/Microsoft.Network/networkSecurityGroups/sshtraffic",
            "timeouts": null
          },
          "sensitive_attributes": [],
          "private": "eyJlMmJmYjczMC1lY2FhLTExZTYtOGY4OC0zNDM2M2JjN2M0YzAiOnsiY3JlYXRlIjoxODAwMDAwMDAwMDAwLCJkZWxldGUiOjE4MDAwMDAwMDAwMDAsInJlYWQiOjMwMDAwMDAwMDAwMCwidXBkYXRlIjoxODAwMDAwMDAwMDAwfX0=",
          "dependencies": [
            "azurerm_network_interface.myNic",
            "azurerm_network_security_group.mySecGroup",
            "azurerm_public_ip.myPublicIp",
            "azurerm_resource_group.rg",
            "azurerm_subnet.mySubnet"
          ]
        },
        {
          "index_key": "worker2",
          "schema_version": 0,
          "attributes": {
            "id": "/subscriptions/77bd48f7-b1aa-445e-83f3-89469bbcd524/resourceGroups/kubernetes_rg/providers/Microsoft.Network/networkInterfaces/vmnic_worker2|/subscriptions/77bd48f7-b1aa-445e-83f3-89469bbcd524/resourceGroups/kubernetes_rg/providers/Microsoft.Network/networkSecurityGroups/sshtraffic",
            "network_interface_id": "/subscriptions/77bd48f7-b1aa-445e-83f3-89469bbcd524/resourceGroups/kubernetes_rg/providers/Microsoft.Network/networkInterfaces/vmnic_worker2",
            "network_security_group_id": "/subscriptions/77bd48f7-b1aa-445e-83f3-89469bbcd524/resourceGroups/kubernetes_rg/providers/Microsoft.Network/networkSecurityGroups/sshtraffic",
            "timeouts": null
          },
          "sensitive_attributes": [],
          "private": "eyJlMmJmYjczMC1lY2FhLTExZTYtOGY4OC0zNDM2M2JjN2M0YzAiOnsiY3JlYXRlIjoxODAwMDAwMDAwMDAwLCJkZWxldGUiOjE4MDAwMDAwMDAwMDAsInJlYWQiOjMwMDAwMDAwMDAwMCwidXBkYXRlIjoxODAwMDAwMDAwMDAwfX0=",
          "dependencies": [
            "azurerm_network_interface.myNic",
            "azurerm_network_security_group.mySecGroup",
            "azurerm_public_ip.myPublicIp",
            "azurerm_resource_group.rg",
            "azurerm_subnet.mySubnet"
          ]
        }
      ]
    },
    {
      "mode": "managed",
      "type": "azurerm_network_security_group",
      "name": "mySecGroup",
      "provider": "provider[\"registry.terraform.io/hashicorp/azurerm\"]",
      "instances": [
        {
          "schema_version": 0,
          "attributes": {
            "id": "/subscriptions/77bd48f7-b1aa-445e-83f3-89469bbcd524/resourceGroups/kubernetes_rg/providers/Microsoft.Network/networkSecurityGroups/sshtraffic",
            "location": "westeurope",
            "name": "sshtraffic",
            "resource_group_name": "kubernetes_rg",
            "security_rule": [
              {
                "access": "Allow",
                "description": "",
                "destination_address_prefix": "*",
                "destination_address_prefixes": [],
                "destination_application_security_group_ids": [],
                "destination_port_range": "22",
                "destination_port_ranges": [],
                "direction": "Inbound",
                "name": "SSH",
                "priority": 1001,
                "protocol": "Tcp",
                "source_address_prefix": "*",
                "source_address_prefixes": [],
                "source_application_security_group_ids": [],
                "source_port_range": "*",
                "source_port_ranges": []
              }
            ],
            "tags": {
              "environment": "CP2"
            },
            "timeouts": null
          },
          "sensitive_attributes": [],
          "private": "eyJlMmJmYjczMC1lY2FhLTExZTYtOGY4OC0zNDM2M2JjN2M0YzAiOnsiY3JlYXRlIjoxODAwMDAwMDAwMDAwLCJkZWxldGUiOjE4MDAwMDAwMDAwMDAsInJlYWQiOjMwMDAwMDAwMDAwMCwidXBkYXRlIjoxODAwMDAwMDAwMDAwfX0=",
          "dependencies": [
            "azurerm_resource_group.rg"
          ]
        }
      ]
    },
    {
      "mode": "managed",
      "type": "azurerm_public_ip",
      "name": "myPublicIp",
      "provider": "provider[\"registry.terraform.io/hashicorp/azurerm\"]",
      "instances": [
        {
          "index_key": "master",
          "schema_version": 0,
          "attributes": {
            "allocation_method": "Dynamic",
            "domain_name_label": null,
            "fqdn": null,
            "id": "/subscriptions/77bd48f7-b1aa-445e-83f3-89469bbcd524/resourceGroups/kubernetes_rg/providers/Microsoft.Network/publicIPAddresses/vmip_master",
            "idle_timeout_in_minutes": 4,
            "ip_address": "",
            "ip_version": "IPv4",
            "location": "westeurope",
            "name": "vmip_master",
            "public_ip_prefix_id": null,
            "resource_group_name": "kubernetes_rg",
            "reverse_fqdn": null,
            "sku": "Basic",
            "tags": {
              "environment": "CP2"
            },
            "timeouts": null,
            "zones": []
          },
          "sensitive_attributes": [],
          "private": "eyJlMmJmYjczMC1lY2FhLTExZTYtOGY4OC0zNDM2M2JjN2M0YzAiOnsiY3JlYXRlIjoxODAwMDAwMDAwMDAwLCJkZWxldGUiOjE4MDAwMDAwMDAwMDAsInJlYWQiOjMwMDAwMDAwMDAwMCwidXBkYXRlIjoxODAwMDAwMDAwMDAwfX0=",
          "dependencies": [
            "azurerm_resource_group.rg"
          ]
        },
        {
          "index_key": "nfs",
          "schema_version": 0,
          "attributes": {
            "allocation_method": "Dynamic",
            "domain_name_label": null,
            "fqdn": null,
            "id": "/subscriptions/77bd48f7-b1aa-445e-83f3-89469bbcd524/resourceGroups/kubernetes_rg/providers/Microsoft.Network/publicIPAddresses/vmip_nfs",
            "idle_timeout_in_minutes": 4,
            "ip_address": "",
            "ip_version": "IPv4",
            "location": "westeurope",
            "name": "vmip_nfs",
            "public_ip_prefix_id": null,
            "resource_group_name": "kubernetes_rg",
            "reverse_fqdn": null,
            "sku": "Basic",
            "tags": {
              "environment": "CP2"
            },
            "timeouts": null,
            "zones": []
          },
          "sensitive_attributes": [],
          "private": "eyJlMmJmYjczMC1lY2FhLTExZTYtOGY4OC0zNDM2M2JjN2M0YzAiOnsiY3JlYXRlIjoxODAwMDAwMDAwMDAwLCJkZWxldGUiOjE4MDAwMDAwMDAwMDAsInJlYWQiOjMwMDAwMDAwMDAwMCwidXBkYXRlIjoxODAwMDAwMDAwMDAwfX0=",
          "dependencies": [
            "azurerm_resource_group.rg"
          ]
        },
        {
          "index_key": "worker1",
          "schema_version": 0,
          "attributes": {
            "allocation_method": "Dynamic",
            "domain_name_label": null,
            "fqdn": null,
            "id": "/subscriptions/77bd48f7-b1aa-445e-83f3-89469bbcd524/resourceGroups/kubernetes_rg/providers/Microsoft.Network/publicIPAddresses/vmip_worker1",
            "idle_timeout_in_minutes": 4,
            "ip_address": "",
            "ip_version": "IPv4",
            "location": "westeurope",
            "name": "vmip_worker1",
            "public_ip_prefix_id": null,
            "resource_group_name": "kubernetes_rg",
            "reverse_fqdn": null,
            "sku": "Basic",
            "tags": {
              "environment": "CP2"
            },
            "timeouts": null,
            "zones": []
          },
          "sensitive_attributes": [],
          "private": "eyJlMmJmYjczMC1lY2FhLTExZTYtOGY4OC0zNDM2M2JjN2M0YzAiOnsiY3JlYXRlIjoxODAwMDAwMDAwMDAwLCJkZWxldGUiOjE4MDAwMDAwMDAwMDAsInJlYWQiOjMwMDAwMDAwMDAwMCwidXBkYXRlIjoxODAwMDAwMDAwMDAwfX0=",
          "dependencies": [
            "azurerm_resource_group.rg"
          ]
        },
        {
          "index_key": "worker2",
          "schema_version": 0,
          "attributes": {
            "allocation_method": "Dynamic",
            "domain_name_label": null,
            "fqdn": null,
            "id": "/subscriptions/77bd48f7-b1aa-445e-83f3-89469bbcd524/resourceGroups/kubernetes_rg/providers/Microsoft.Network/publicIPAddresses/vmip_worker2",
            "idle_timeout_in_minutes": 4,
            "ip_address": "",
            "ip_version": "IPv4",
            "location": "westeurope",
            "name": "vmip_worker2",
            "public_ip_prefix_id": null,
            "resource_group_name": "kubernetes_rg",
            "reverse_fqdn": null,
            "sku": "Basic",
            "tags": {
              "environment": "CP2"
            },
            "timeouts": null,
            "zones": []
          },
          "sensitive_attributes": [],
          "private": "eyJlMmJmYjczMC1lY2FhLTExZTYtOGY4OC0zNDM2M2JjN2M0YzAiOnsiY3JlYXRlIjoxODAwMDAwMDAwMDAwLCJkZWxldGUiOjE4MDAwMDAwMDAwMDAsInJlYWQiOjMwMDAwMDAwMDAwMCwidXBkYXRlIjoxODAwMDAwMDAwMDAwfX0=",
          "dependencies": [
            "azurerm_resource_group.rg"
          ]
        }
      ]
    },
    {
      "mode": "managed",
      "type": "azurerm_resource_group",
      "name": "rg",
      "provider": "provider[\"registry.terraform.io/hashicorp/azurerm\"]",
      "instances": [
        {
          "schema_version": 0,
          "attributes": {
            "id": "/subscriptions/77bd48f7-b1aa-445e-83f3-89469bbcd524/resourceGroups/kubernetes_rg",
            "location": "westeurope",
            "name": "kubernetes_rg",
            "tags": {
              "environment": "CP2"
            },
            "timeouts": null
          },
          "sensitive_attributes": [],
          "private": "eyJlMmJmYjczMC1lY2FhLTExZTYtOGY4OC0zNDM2M2JjN2M0YzAiOnsiY3JlYXRlIjo1NDAwMDAwMDAwMDAwLCJkZWxldGUiOjU0MDAwMDAwMDAwMDAsInJlYWQiOjMwMDAwMDAwMDAwMCwidXBkYXRlIjo1NDAwMDAwMDAwMDAwfX0="
        }
      ]
    },
    {
      "mode": "managed",
      "type": "azurerm_storage_account",
      "name": "stAccount",
      "provider": "provider[\"registry.terraform.io/hashicorp/azurerm\"]",
      "instances": [
        {
          "schema_version": 2,
          "attributes": {
            "access_tier": "Hot",
            "account_kind": "StorageV2",
            "account_replication_type": "LRS",
            "account_tier": "Standard",
            "allow_blob_public_access": false,
            "blob_properties": [],
            "custom_domain": [],
            "enable_https_traffic_only": true,
            "id": "/subscriptions/77bd48f7-b1aa-445e-83f3-89469bbcd524/resourceGroups/kubernetes_rg/providers/Microsoft.Storage/storageAccounts/unirdavid138staccountcp2",
            "identity": [],
            "is_hns_enabled": false,
            "large_file_share_enabled": null,
            "location": "westeurope",
            "min_tls_version": "TLS1_0",
            "name": "unirdavid138staccountcp2",
            "network_rules": [
              {
                "bypass": [
                  "AzureServices"
                ],
                "default_action": "Allow",
                "ip_rules": [],
                "virtual_network_subnet_ids": []
              }
            ],
            "primary_access_key": "JYQzSp6n7qwcJ/piaBraw4dbeF8P3LnpgaUK6ncgBQUsvdpkvn6oluBZOeOBr42Lzkc9aiquFyzAWEooexZ/sg==",
            "primary_blob_connection_string": "DefaultEndpointsProtocol=https;BlobEndpoint=https://unirdavid138staccountcp2.blob.core.windows.net/;AccountName=unirdavid138staccountcp2;AccountKey=JYQzSp6n7qwcJ/piaBraw4dbeF8P3LnpgaUK6ncgBQUsvdpkvn6oluBZOeOBr42Lzkc9aiquFyzAWEooexZ/sg==",
            "primary_blob_endpoint": "https://unirdavid138staccountcp2.blob.core.windows.net/",
            "primary_blob_host": "unirdavid138staccountcp2.blob.core.windows.net",
            "primary_connection_string": "DefaultEndpointsProtocol=https;AccountName=unirdavid138staccountcp2;AccountKey=JYQzSp6n7qwcJ/piaBraw4dbeF8P3LnpgaUK6ncgBQUsvdpkvn6oluBZOeOBr42Lzkc9aiquFyzAWEooexZ/sg==;EndpointSuffix=core.windows.net",
            "primary_dfs_endpoint": "https://unirdavid138staccountcp2.dfs.core.windows.net/",
            "primary_dfs_host": "unirdavid138staccountcp2.dfs.core.windows.net",
            "primary_file_endpoint": "https://unirdavid138staccountcp2.file.core.windows.net/",
            "primary_file_host": "unirdavid138staccountcp2.file.core.windows.net",
            "primary_location": "westeurope",
            "primary_queue_endpoint": "https://unirdavid138staccountcp2.queue.core.windows.net/",
            "primary_queue_host": "unirdavid138staccountcp2.queue.core.windows.net",
            "primary_table_endpoint": "https://unirdavid138staccountcp2.table.core.windows.net/",
            "primary_table_host": "unirdavid138staccountcp2.table.core.windows.net",
            "primary_web_endpoint": "https://unirdavid138staccountcp2.z6.web.core.windows.net/",
            "primary_web_host": "unirdavid138staccountcp2.z6.web.core.windows.net",
            "queue_properties": [
              {
                "cors_rule": [],
                "hour_metrics": [
                  {
                    "enabled": true,
                    "include_apis": true,
                    "retention_policy_days": 7,
                    "version": "1.0"
                  }
                ],
                "logging": [
                  {
                    "delete": false,
                    "read": false,
                    "retention_policy_days": 0,
                    "version": "1.0",
                    "write": false
                  }
                ],
                "minute_metrics": [
                  {
                    "enabled": false,
                    "include_apis": false,
                    "retention_policy_days": 0,
                    "version": "1.0"
                  }
                ]
              }
            ],
            "resource_group_name": "kubernetes_rg",
            "secondary_access_key": "kASEH0aCy8cra8uFCMSc3eIHFuBJiNB6F9L1Y4b8jWXi5XRAi3wDDQcwS24GoMS2Kr+M9ChcMFMN2TzGeoO/8w==",
            "secondary_blob_connection_string": "",
            "secondary_blob_endpoint": null,
            "secondary_blob_host": null,
            "secondary_connection_string": "DefaultEndpointsProtocol=https;AccountName=unirdavid138staccountcp2;AccountKey=kASEH0aCy8cra8uFCMSc3eIHFuBJiNB6F9L1Y4b8jWXi5XRAi3wDDQcwS24GoMS2Kr+M9ChcMFMN2TzGeoO/8w==;EndpointSuffix=core.windows.net",
            "secondary_dfs_endpoint": null,
            "secondary_dfs_host": null,
            "secondary_file_endpoint": null,
            "secondary_file_host": null,
            "secondary_location": "",
            "secondary_queue_endpoint": null,
            "secondary_queue_host": null,
            "secondary_table_endpoint": null,
            "secondary_table_host": null,
            "secondary_web_endpoint": null,
            "secondary_web_host": null,
            "static_website": [],
            "tags": {
              "environment": "CP2"
            },
            "timeouts": null
          },
          "sensitive_attributes": [],
          "private": "eyJlMmJmYjczMC1lY2FhLTExZTYtOGY4OC0zNDM2M2JjN2M0YzAiOnsiY3JlYXRlIjozNjAwMDAwMDAwMDAwLCJkZWxldGUiOjM2MDAwMDAwMDAwMDAsInJlYWQiOjMwMDAwMDAwMDAwMCwidXBkYXRlIjozNjAwMDAwMDAwMDAwfSwic2NoZW1hX3ZlcnNpb24iOiIyIn0=",
          "dependencies": [
            "azurerm_resource_group.rg"
          ]
        }
      ]
    },
    {
      "mode": "managed",
      "type": "azurerm_subnet",
      "name": "mySubnet",
      "provider": "provider[\"registry.terraform.io/hashicorp/azurerm\"]",
      "instances": [
        {
          "schema_version": 0,
          "attributes": {
            "address_prefix": "10.0.1.0/24",
            "address_prefixes": [
              "10.0.1.0/24"
            ],
            "delegation": [],
            "enforce_private_link_endpoint_network_policies": false,
            "enforce_private_link_service_network_policies": false,
            "id": "/subscriptions/77bd48f7-b1aa-445e-83f3-89469bbcd524/resourceGroups/kubernetes_rg/providers/Microsoft.Network/virtualNetworks/kubernetesnet/subnets/terraformsubnet",
            "name": "terraformsubnet",
            "resource_group_name": "kubernetes_rg",
            "service_endpoint_policy_ids": [],
            "service_endpoints": [],
            "timeouts": null,
            "virtual_network_name": "kubernetesnet"
          },
          "sensitive_attributes": [],
          "private": "eyJlMmJmYjczMC1lY2FhLTExZTYtOGY4OC0zNDM2M2JjN2M0YzAiOnsiY3JlYXRlIjoxODAwMDAwMDAwMDAwLCJkZWxldGUiOjE4MDAwMDAwMDAwMDAsInJlYWQiOjMwMDAwMDAwMDAwMCwidXBkYXRlIjoxODAwMDAwMDAwMDAwfX0=",
          "dependencies": [
            "azurerm_resource_group.rg",
            "azurerm_virtual_network.myNet"
          ]
        }
      ]
    },
    {
      "mode": "managed",
      "type": "azurerm_virtual_network",
      "name": "myNet",
      "provider": "provider[\"registry.terraform.io/hashicorp/azurerm\"]",
      "instances": [
        {
          "schema_version": 0,
          "attributes": {
            "address_space": [
              "10.0.0.0/16"
            ],
            "bgp_community": "",
            "ddos_protection_plan": [],
            "dns_servers": [],
            "guid": "57e3fcf1-6fca-4ca2-980d-c285aaf8e3e4",
            "id": "/subscriptions/77bd48f7-b1aa-445e-83f3-89469bbcd524/resourceGroups/kubernetes_rg/providers/Microsoft.Network/virtualNetworks/kubernetesnet",
            "location": "westeurope",
            "name": "kubernetesnet",
            "resource_group_name": "kubernetes_rg",
            "subnet": [
              {
                "address_prefix": "10.0.1.0/24",
                "id": "/subscriptions/77bd48f7-b1aa-445e-83f3-89469bbcd524/resourceGroups/kubernetes_rg/providers/Microsoft.Network/virtualNetworks/kubernetesnet/subnets/terraformsubnet",
                "name": "terraformsubnet",
                "security_group": ""
              }
            ],
            "tags": {
              "environment": "CP2"
            },
            "timeouts": null,
            "vm_protection_enabled": false
          },
          "sensitive_attributes": [],
          "private": "eyJlMmJmYjczMC1lY2FhLTExZTYtOGY4OC0zNDM2M2JjN2M0YzAiOnsiY3JlYXRlIjoxODAwMDAwMDAwMDAwLCJkZWxldGUiOjE4MDAwMDAwMDAwMDAsInJlYWQiOjMwMDAwMDAwMDAwMCwidXBkYXRlIjoxODAwMDAwMDAwMDAwfX0=",
          "dependencies": [
            "azurerm_resource_group.rg"
          ]
        }
      ]
    }
  ]
}
